
Microsoft Visual Studio Solution File, Format Version 12.00
# Visual Studio Version 16
VisualStudioVersion = 16.0.29728.190
MinimumVisualStudioVersion = 10.0.40219.1
Project("{9A19103F-16F7-4668-BE54-9A1E7A4F7556}") = "AttachedProperties", "AttachedProperties\AttachedProperties.csproj", "{5F9DD433-9EBF-409F-A4D0-EC056F4629B6}"
EndProject
Project("{FAE04EC0-301F-11D3-BF4B-00C04F79EFBC}") = "AugmentTests", "AugmentTests\AugmentTests.csproj", "{B126293B-811C-44E5-B5DF-28E4EB674CC5}"
EndProject
Project("{FAE04EC0-301F-11D3-BF4B-00C04F79EFBC}") = "Augment", "Augment\Augment.csproj", "{4E004971-E62D-41C8-B259-8F8EC8265238}"
EndProject
Global
	GlobalSection(SolutionConfigurationPlatforms) = preSolution
		Debug|Any CPU = Debug|Any CPU
		Release|Any CPU = Release|Any CPU
	EndGlobalSection
	GlobalSection(ProjectConfigurationPlatforms) = postSolution
		{5F9DD433-9EBF-409F-A4D0-EC056F4629B6}.Debug|Any CPU.ActiveCfg = Debug|Any CPU
		{5F9DD433-9EBF-409F-A4D0-EC056F4629B6}.Debug|Any CPU.Build.0 = Debug|Any CPU
		{5F9DD433-9EBF-409F-A4D0-EC056F4629B6}.Release|Any CPU.ActiveCfg = Release|Any CPU
		{5F9DD433-9EBF-409F-A4D0-EC056F4629B6}.Release|Any CPU.Build.0 = Release|Any CPU
		{B126293B-811C-44E5-B5DF-28E4EB674CC5}.Debug|Any CPU.ActiveCfg = Debug|Any CPU
		{B126293B-811C-44E5-B5DF-28E4EB674CC5}.Debug|Any CPU.Build.0 = Debug|Any CPU
		{B126293B-811C-44E5-B5DF-28E4EB674CC5}.Release|Any CPU.ActiveCfg = Release|Any CPU
		{B126293B-811C-44E5-B5DF-28E4EB674CC5}.Release|Any CPU.Build.0 = Release|Any CPU
		{4E004971-E62D-41C8-B259-8F8EC8265238}.Debug|Any CPU.ActiveCfg = Debug|Any CPU
		{4E004971-E62D-41C8-B259-8F8EC8265238}.Debug|Any CPU.Build.0 = Debug|Any CPU
		{4E004971-E62D-41C8-B259-8F8EC8265238}.Release|Any CPU.ActiveCfg = Release|Any CPU
		{4E004971-E62D-41C8-B259-8F8EC8265238}.Release|Any CPU.Build.0 = Release|Any CPU
	EndGlobalSection
	GlobalSection(SolutionProperties) = preSolution
		HideSolutionNode = FALSE
	EndGlobalSection
	GlobalSection(ExtensibilityGlobals) = postSolution
		SolutionGuid = {1C64E55C-C220-4465-AFC8-DFB09C64AF7C}
	EndGlobalSection
EndGlobal
